{
  "name": "node-red-contrib-easy-oracle",
  "version": "1.0.1",
  "lockfileVersion": 1,
  "requires": true,
  "dependencies": {
    "oracledb": {
      "version": "5.1.0",
      "resolved": "https://registry.npmjs.org/oracledb/-/oracledb-5.1.0.tgz",
      "integrity": "sha512-/IpzG729lFj8NBsA0xaOijdf6ZO3VuJbebma/hSf+VUZoIyzI/mCzBX047ramb/W8yJ1SV/HdWgs+XEczbqsXg=="
    }
  }
}
